// !$*UTF8*$!
{
	archiveVersion = 1;
	classes = {
	};
	objectVersion = 77;
	objects = {

/* Begin PBXContainerItemProxy section */
		B110D3712EB14A5D00E49922 /* PBXContainerItemProxy */ = {
			isa = PBXContainerItemProxy;
			containerPortal = B110D35B2EB14A5B00E49922 /* Project object */;
			proxyType = 1;
			remoteGlobalIDString = B110D3622EB14A5B00E49922;
			remoteInfo = "replicate-ai";
		};
		B110D37B2EB14A5D00E49922 /* PBXContainerItemProxy */ = {
			isa = PBXContainerItemProxy;
			containerPortal = B110D35B2EB14A5B00E49922 /* Project object */;
			proxyType = 1;
			remoteGlobalIDString = B110D3622EB14A5B00E49922;
			remoteInfo = "replicate-ai";
		};
/* End PBXContainerItemProxy section */

/* Begin PBXFileReference section */
		B110D3632EB14A5B00E49922 /* replicate-ai.app */ = {isa = PBXFileReference; explicitFileType = wrapper.application; includeInIndex = 0; path = "replicate-ai.app"; sourceTree = BUILT_PRODUCTS_DIR; };
		B110D3702EB14A5D00E49922 /* replicate-aiTests.xctest */ = {isa = PBXFileReference; explicitFileType = wrapper.cfbundle; includeInIndex = 0; path = "replicate-aiTests.xctest"; sourceTree = BUILT_PRODUCTS_DIR; };
		B110D37A2EB14A5D00E49922 /* replicate-aiUITests.xctest */ = {isa = PBXFileReference; explicitFileType = wrapper.cfbundle; includeInIndex = 0; path = "replicate-aiUITests.xctest"; sourceTree = BUILT_PRODUCTS_DIR; };
/* End PBXFileReference section */

/* Begin PBXFileSystemSynchronizedBuildFileExceptionSet section */
		B1CC6B832EB2A69000D6B4EA /* Exceptions for "replicate-ai" folder in "replicate-ai" target */ = {
			isa = PBXFileSystemSynchronizedBuildFileExceptionSet;
			membershipExceptions = (
				Info.plist,
			);
			target = B110D3622EB14A5B00E49922 /* replicate-ai */;
		};
/* End PBXFileSystemSynchronizedBuildFileExceptionSet section */

/* Begin PBXFileSystemSynchronizedRootGroup section */
		B110D3652EB14A5B00E49922 /* replicate-ai */ = {
			isa = PBXFileSystemSynchronizedRootGroup;
			exceptions = (
				B1CC6B832EB2A69000D6B4EA /* Exceptions for "replicate-ai" folder in "replicate-ai" target */,
			);
			path = "replicate-ai";
			sourceTree = "<group>";
		};
		B110D3732EB14A5D00E49922 /* replicate-aiTests */ = {
			isa = PBXFileSystemSynchronizedRootGroup;
			path = "replicate-aiTests";
			sourceTree = "<group>";
		};
		B110D37D2EB14A5D00E49922 /* replicate-aiUITests */ = {
			isa = PBXFileSystemSynchronizedRootGroup;
			path = "replicate-aiUITests";
			sourceTree = "<group>";
		};
/* End PBXFileSystemSynchronizedRootGroup section */

/* Begin PBXFrameworksBuildPhase section */
		B110D3602EB14A5B00E49922 /* Frameworks */ = {
			isa = PBXFrameworksBuildPhase;
			buildActionMask = 2147483647;
			files = (
			);
			runOnlyForDeploymentPostprocessing = 0;
		};
		B110D36D2EB14A5D00E49922 /* Frameworks */ = {
			isa = PBXFrameworksBuildPhase;
			buildActionMask = 2147483647;
			files = (
			);
			runOnlyForDeploymentPostprocessing = 0;
		};
		B110D3772EB14A5D00E49922 /* Frameworks */ = {
			isa = PBXFrameworksBuildPhase;
			buildActionMask = 2147483647;
			files = (
			);
			runOnlyForDeploymentPostprocessing = 0;
		};
/* End PBXFrameworksBuildPhase section */

/* Begin PBXGroup section */
		B110D35A2EB14A5B00E49922 = {
			isa = PBXGroup;
			children = (
				B110D3652EB14A5B00E49922 /* replicate-ai */,
				B110D3732EB14A5D00E49922 /* replicate-aiTests */,
				B110D37D2EB14A5D00E49922 /* replicate-aiUITests */,
				B110D3642EB14A5B00E49922 /* Products */,
			);
			sourceTree = "<group>";
		};
		B110D3642EB14A5B00E49922 /* Products */ = {
			isa = PBXGroup;
			children = (
				B110D3632EB14A5B00E49922 /* replicate-ai.app */,
				B110D3702EB14A5D00E49922 /* replicate-aiTests.xctest */,
				B110D37A2EB14A5D00E49922 /* replicate-aiUITests.xctest */,
			);
			name = Products;
			sourceTree = "<group>";
		};
/* End PBXGroup section */

/* Begin PBXNativeTarget section */
		B110D3622EB14A5B00E49922 /* replicate-ai */ = {
			isa = PBXNativeTarget;
			buildConfigurationList = B110D3842EB14A5D00E49922 /* Build configuration list for PBXNativeTarget "replicate-ai" */;
			buildPhases = (
				B110D35F2EB14A5B00E49922 /* Sources */,
				B110D3602EB14A5B00E49922 /* Frameworks */,
				B110D3612EB14A5B00E49922 /* Resources */,
			);
			buildRules = (
			);
			dependencies = (
			);
			fileSystemSynchronizedGroups = (
				B110D3652EB14A5B00E49922 /* replicate-ai */,
			);
			name = "replicate-ai";
			packageProductDependencies = (
			);
			productName = "replicate-ai";
			productReference = B110D3632EB14A5B00E49922 /* replicate-ai.app */;
			productType = "com.apple.product-type.application";
		};
		B110D36F2EB14A5D00E49922 /* replicate-aiTests */ = {
			isa = PBXNativeTarget;
			buildConfigurationList = B110D3872EB14A5D00E49922 /* Build configuration list for PBXNativeTarget "replicate-aiTests" */;
			buildPhases = (
				B110D36C2EB14A5D00E49922 /* Sources */,
				B110D36D2EB14A5D00E49922 /* Frameworks */,
				B110D36E2EB14A5D00E49922 /* Resources */,
			);
			buildRules = (
			);
			dependencies = (
				B110D3722EB14A5D00E49922 /* PBXTargetDependency */,
			);
			fileSystemSynchronizedGroups = (
				B110D3732EB14A5D00E49922 /* replicate-aiTests */,
			);
			name = "replicate-aiTests";
			packageProductDependencies = (
			);
			productName = "replicate-aiTests";
			productReference = B110D3702EB14A5D00E49922 /* replicate-aiTests.xctest */;
			productType = "com.apple.product-type.bundle.unit-test";
		};
		B110D3792EB14A5D00E49922 /* replicate-aiUITests */ = {
			isa = PBXNativeTarget;
			buildConfigurationList = B110D38A2EB14A5D00E49922 /* Build configuration list for PBXNativeTarget "replicate-aiUITests" */;
			buildPhases = (
				B110D3762EB14A5D00E49922 /* Sources */,
				B110D3772EB14A5D00E49922 /* Frameworks */,
				B110D3782EB14A5D00E49922 /* Resources */,
			);
			buildRules = (
			);
			dependencies = (
				B110D37C2EB14A5D00E49922 /* PBXTargetDependency */,
			);
			fileSystemSynchronizedGroups = (
				B110D37D2EB14A5D00E49922 /* replicate-aiUITests */,
			);
			name = "replicate-aiUITests";
			packageProductDependencies = (
			);
			productName = "replicate-aiUITests";
			productReference = B110D37A2EB14A5D00E49922 /* replicate-aiUITests.xctest */;
			productType = "com.apple.product-type.bundle.ui-testing";
		};
/* End PBXNativeTarget section */

/* Begin PBXProject section */
		B110D35B2EB14A5B00E49922 /* Project object */ = {
			isa = PBXProject;
			attributes = {
				BuildIndependentTargetsInParallel = 1;
				LastSwiftUpdateCheck = 2600;
				LastUpgradeCheck = 2600;
				TargetAttributes = {
					B110D3622EB14A5B00E49922 = {
						CreatedOnToolsVersion = 26.0.1;
					};
					B110D36F2EB14A5D00E49922 = {
						CreatedOnToolsVersion = 26.0.1;
						TestTargetID = B110D3622EB14A5B00E49922;
					};
					B110D3792EB14A5D00E49922 = {
						CreatedOnToolsVersion = 26.0.1;
						TestTargetID = B110D3622EB14A5B00E49922;
					};
				};
			};
			buildConfigurationList = B110D35E2EB14A5B00E49922 /* Build configuration list for PBXProject "replicate-ai" */;
			developmentRegion = en;
			hasScannedForEncodings = 0;
			knownRegions = (
				en,
				Base,
			);
			mainGroup = B110D35A2EB14A5B00E49922;
			minimizedProjectReferenceProxies = 1;
			preferredProjectObjectVersion = 77;
			productRefGroup = B110D3642EB14A5B00E49922 /* Products */;
			projectDirPath = "";
			projectRoot = "";
			targets = (
				B110D3622EB14A5B00E49922 /* replicate-ai */,
				B110D36F2EB14A5D00E49922 /* replicate-aiTests */,
				B110D3792EB14A5D00E49922 /* replicate-aiUITests */,
			);
		};
/* End PBXProject section */

/* Begin PBXResourcesBuildPhase section */
		B110D3612EB14A5B00E49922 /* Resources */ = {
			isa = PBXResourcesBuildPhase;
			buildActionMask = 2147483647;
			files = (
			);
			runOnlyForDeploymentPostprocessing = 0;
		};
		B110D36E2EB14A5D00E49922 /* Resources */ = {
			isa = PBXResourcesBuildPhase;
			buildActionMask = 2147483647;
			files = (
			);
			runOnlyForDeploymentPostprocessing = 0;
		};
		B110D3782EB14A5D00E49922 /* Resources */ = {
			isa = PBXResourcesBuildPhase;
			buildActionMask = 2147483647;
			files = (
			);
			runOnlyForDeploymentPostprocessing = 0;
		};
/* End PBXResourcesBuildPhase section */

/* Begin PBXSourcesBuildPhase section */
		B110D35F2EB14A5B00E49922 /* Sources */ = {
			isa = PBXSourcesBuildPhase;
			buildActionMask = 2147483647;
			files = (
			);
			runOnlyForDeploymentPostprocessing = 0;
		};
		B110D36C2EB14A5D00E49922 /* Sources */ = {
			isa = PBXSourcesBuildPhase;
			buildActionMask = 2147483647;
			files = (
			);
			runOnlyForDeploymentPostprocessing = 0;
		};
		B110D3762EB14A5D00E49922 /* Sources */ = {
			isa = PBXSourcesBuildPhase;
			buildActionMask = 2147483647;
			files = (
			);
			runOnlyForDeploymentPostprocessing = 0;
		};
/* End PBXSourcesBuildPhase section */

/* Begin PBXTargetDependency section */
		B110D3722EB14A5D00E49922 /* PBXTargetDependency */ = {
			isa = PBXTargetDependency;
			target = B110D3622EB14A5B00E49922 /* replicate-ai */;
			targetProxy = B110D3712EB14A5D00E49922 /* PBXContainerItemProxy */;
		};
		B110D37C2EB14A5D00E49922 /* PBXTargetDependency */ = {
			isa = PBXTargetDependency;
			target = B110D3622EB14A5B00E49922 /* replicate-ai */;
			targetProxy = B110D37B2EB14A5D00E49922 /* PBXContainerItemProxy */;
		};
/* End PBXTargetDependency section */

/* Begin XCBuildConfiguration section */
		B110D3822EB14A5D00E49922 /* Debug */ = {
			isa = XCBuildConfiguration;
			buildSettings = {
				ALWAYS_SEARCH_USER_PATHS = NO;
				ASSETCATALOG_COMPILER_GENERATE_SWIFT_ASSET_SYMBOL_EXTENSIONS = YES;
				CLANG_ANALYZER_NONNULL = YES;
				CLANG_ANALYZER_NUMBER_OBJECT_CONVERSION = YES_AGGRESSIVE;
				CLANG_CXX_LANGUAGE_STANDARD = "gnu++20";
				CLANG_ENABLE_MODULES = YES;
				CLANG_ENABLE_OBJC_ARC = YES;
				CLANG_ENABLE_OBJC_WEAK = YES;
				CLANG_WARN_BLOCK_CAPTURE_AUTORELEASING = YES;
				CLANG_WARN_BOOL_CONVERSION = YES;
				CLANG_WARN_COMMA = YES;
				CLANG_WARN_CONSTANT_CONVERSION = YES;
				CLANG_WARN_DEPRECATED_OBJC_IMPLEMENTATIONS = YES;
				CLANG_WARN_DIRECT_OBJC_ISA_USAGE = YES_ERROR;
				CLANG_WARN_DOCUMENTATION_COMMENTS = YES;
				CLANG_WARN_EMPTY_BODY = YES;
				CLANG_WARN_ENUM_CONVERSION = YES;
				CLANG_WARN_INFINITE_RECURSION = YES;
				CLANG_WARN_INT_CONVERSION = YES;
				CLANG_WARN_NON_LITERAL_NULL_CONVERSION = YES;
				CLANG_WARN_OBJC_IMPLICIT_RETAIN_SELF = YES;
				CLANG_WARN_OBJC_LITERAL_CONVERSION = YES;
				CLANG_WARN_OBJC_ROOT_CLASS = YES_ERROR;
				CLANG_WARN_QUOTED_INCLUDE_IN_FRAMEWORK_HEADER = YES;
				CLANG_WARN_RANGE_LOOP_ANALYSIS = YES;
				CLANG_WARN_STRICT_PROTOTYPES = YES;
				CLANG_WARN_SUSPICIOUS_MOVE = YES;
				CLANG_WARN_UNGUARDED_AVAILABILITY = YES_AGGRESSIVE;
				CLANG_WARN_UNREACHABLE_CODE = YES;
				CLANG_WARN__DUPLICATE_METHOD_MATCH = YES;
				COPY_PHASE_STRIP = NO;
				DEBUG_INFORMATION_FORMAT = dwarf;
				DEVELOPMENT_TEAM = XRF9T9TQ6H;
				ENABLE_STRICT_OBJC_MSGSEND = YES;
				ENABLE_TESTABILITY = YES;
				ENABLE_USER_SCRIPT_SANDBOXING = YES;
				GCC_C_LANGUAGE_STANDARD = gnu17;
				GCC_DYNAMIC_NO_PIC = NO;
				GCC_NO_COMMON_BLOCKS = YES;
				GCC_OPTIMIZATION_LEVEL = 0;
				GCC_PREPROCESSOR_DEFINITIONS = (
					"DEBUG=1",
					"$(inherited)",
				);
				GCC_WARN_64_TO_32_BIT_CONVERSION = YES;
				GCC_WARN_ABOUT_RETURN_TYPE = YES_ERROR;
				GCC_WARN_UNDECLARED_SELECTOR = YES;
				GCC_WARN_UNINITIALIZED_AUTOS = YES_AGGRESSIVE;
				GCC_WARN_UNUSED_FUNCTION = YES;
				GCC_WARN_UNUSED_VARIABLE = YES;
				IPHONEOS_DEPLOYMENT_TARGET = 26.0;
				LOCALIZATION_PREFERS_STRING_CATALOGS = YES;
				MTL_ENABLE_DEBUG_INFO = INCLUDE_SOURCE;
				MTL_FAST_MATH = YES;
				ONLY_ACTIVE_ARCH = YES;
				SDKROOT = iphoneos;
				SWIFT_ACTIVE_COMPILATION_CONDITIONS = "DEBUG $(inherited)";
				SWIFT_OPTIMIZATION_LEVEL = "-Onone";
			};
			name = Debug;
		};
		B110D3832EB14A5D00E49922 /* Release */ = {
			isa = XCBuildConfiguration;
			buildSettings = {
				ALWAYS_SEARCH_USER_PATHS = NO;
				ASSETCATALOG_COMPILER_GENERATE_SWIFT_ASSET_SYMBOL_EXTENSIONS = YES;
				CLANG_ANALYZER_NONNULL = YES;
				CLANG_ANALYZER_NUMBER_OBJECT_CONVERSION = YES_AGGRESSIVE;
				CLANG_CXX_LANGUAGE_STANDARD = "gnu++20";
				CLANG_ENABLE_MODULES = YES;
				CLANG_ENABLE_OBJC_ARC = YES;
				CLANG_ENABLE_OBJC_WEAK = YES;
				CLANG_WARN_BLOCK_CAPTURE_AUTORELEASING = YES;
				CLANG_WARN_BOOL_CONVERSION = YES;
				CLANG_WARN_COMMA = YES;
				CLANG_WARN_CONSTANT_CONVERSION = YES;
				CLANG_WARN_DEPRECATED_OBJC_IMPLEMENTATIONS = YES;
				CLANG_WARN_DIRECT_OBJC_ISA_USAGE = YES_ERROR;
				CLANG_WARN_DOCUMENTATION_COMMENTS = YES;
				CLANG_WARN_EMPTY_BODY = YES;
				CLANG_WARN_ENUM_CONVERSION = YES;
				CLANG_WARN_INFINITE_RECURSION = YES;
				CLANG_WARN_INT_CONVERSION = YES;
				CLANG_WARN_NON_LITERAL_NULL_CONVERSION = YES;
				CLANG_WARN_OBJC_IMPLICIT_RETAIN_SELF = YES;
				CLANG_WARN_OBJC_LITERAL_CONVERSION = YES;
				CLANG_WARN_OBJC_ROOT_CLASS = YES_ERROR;
				CLANG_WARN_QUOTED_INCLUDE_IN_FRAMEWORK_HEADER = YES;
				CLANG_WARN_RANGE_LOOP_ANALYSIS = YES;
				CLANG_WARN_STRICT_PROTOTYPES = YES;
				CLANG_WARN_SUSPICIOUS_MOVE = YES;
				CLANG_WARN_UNGUARDED_AVAILABILITY = YES_AGGRESSIVE;
				CLANG_WARN_UNREACHABLE_CODE = YES;
				CLANG_WARN__DUPLICATE_METHOD_MATCH = YES;
				COPY_PHASE_STRIP = NO;
				DEBUG_INFORMATION_FORMAT = "dwarf-with-dsym";
				DEVELOPMENT_TEAM = XRF9T9TQ6H;
				ENABLE_NS_ASSERTIONS = NO;
				ENABLE_STRICT_OBJC_MSGSEND = YES;
				ENABLE_USER_SCRIPT_SANDBOXING = YES;
				GCC_C_LANGUAGE_STANDARD = gnu17;
				GCC_NO_COMMON_BLOCKS = YES;
				GCC_WARN_64_TO_32_BIT_CONVERSION = YES;
				GCC_WARN_ABOUT_RETURN_TYPE = YES_ERROR;
				GCC_WARN_UNDECLARED_SELECTOR = YES;
				GCC_WARN_UNINITIALIZED_AUTOS = YES_AGGRESSIVE;
				GCC_WARN_UNUSED_FUNCTION = YES;
				GCC_WARN_UNUSED_VARIABLE = YES;
				IPHONEOS_DEPLOYMENT_TARGET = 26.0;
				LOCALIZATION_PREFERS_STRING_CATALOGS = YES;
				MTL_ENABLE_DEBUG_INFO = NO;
				MTL_FAST_MATH = YES;
				SDKROOT = iphoneos;
				SWIFT_COMPILATION_MODE = wholemodule;
				VALIDATE_PRODUCT = YES;
			};
			name = Release;
		};
		B110D3852EB14A5D00E49922 /* Debug */ = {
			isa = XCBuildConfiguration;
			buildSettings = {
				ASSETCATALOG_COMPILER_APPICON_NAME = AppIcon;
				ASSETCATALOG_COMPILER_GLOBAL_ACCENT_COLOR_NAME = AccentColor;
				CODE_SIGN_STYLE = Automatic;
				CURRENT_PROJECT_VERSION = 1;
				DEVELOPMENT_TEAM = XRF9T9TQ6H;
				ENABLE_PREVIEWS = YES;
				GENERATE_INFOPLIST_FILE = YES;
				INFOPLIST_FILE = "replicate-ai/Info.plist";
				INFOPLIST_KEY_UIApplicationSceneManifest_Generation = YES;
				INFOPLIST_KEY_UIApplicationSupportsIndirectInputEvents = YES;
				INFOPLIST_KEY_UILaunchScreen_Generation = YES;
				INFOPLIST_KEY_UISupportedInterfaceOrientations_iPad = "UIInterfaceOrientationPortrait UIInterfaceOrientationPortraitUpsideDown UIInterfaceOrientationLandscapeLeft UIInterfaceOrientationLandscapeRight";
				INFOPLIST_KEY_UISupportedInterfaceOrientations_iPhone = "UIInterfaceOrientationPortrait UIInterfaceOrientationLandscapeLeft UIInterfaceOrientationLandscapeRight";
				LD_RUNPATH_SEARCH_PATHS = (
					"$(inherited)",
					"@executable_path/Frameworks",
				);
				MARKETING_VERSION = 1.0;
				PRODUCT_BUNDLE_IDENTIFIER = "me-myself-and-i.replicate-ai";
				PRODUCT_NAME = "$(TARGET_NAME)";
				STRING_CATALOG_GENERATE_SYMBOLS = YES;
				SWIFT_APPROACHABLE_CONCURRENCY = YES;
				SWIFT_DEFAULT_ACTOR_ISOLATION = MainActor;
				SWIFT_EMIT_LOC_STRINGS = YES;
				SWIFT_UPCOMING_FEATURE_MEMBER_IMPORT_VISIBILITY = YES;
				SWIFT_VERSION = 5.0;
				TARGETED_DEVICE_FAMILY = "1,2";
			};
			name = Debug;
		};
		B110D3862EB14A5D00E49922 /* Release */ = {
			isa = XCBuildConfiguration;
			buildSettings = {
				ASSETCATALOG_COMPILER_APPICON_NAME = AppIcon;
				ASSETCATALOG_COMPILER_GLOBAL_ACCENT_COLOR_NAME = AccentColor;
				CODE_SIGN_STYLE = Automatic;
				CURRENT_PROJECT_VERSION = 1;
				DEVELOPMENT_TEAM = XRF9T9TQ6H;
				ENABLE_PREVIEWS = YES;
				GENERATE_INFOPLIST_FILE = YES;
				INFOPLIST_FILE = "replicate-ai/Info.plist";
				INFOPLIST_KEY_UIApplicationSceneManifest_Generation = YES;
				INFOPLIST_KEY_UIApplicationSupportsIndirectInputEvents = YES;
				INFOPLIST_KEY_UILaunchScreen_Generation = YES;
				INFOPLIST_KEY_UISupportedInterfaceOrientations_iPad = "UIInterfaceOrientationPortrait UIInterfaceOrientationPortraitUpsideDown UIInterfaceOrientationLandscapeLeft UIInterfaceOrientationLandscapeRight";
				INFOPLIST_KEY_UISupportedInterfaceOrientations_iPhone = "UIInterfaceOrientationPortrait UIInterfaceOrientationLandscapeLeft UIInterfaceOrientationLandscapeRight";
				LD_RUNPATH_SEARCH_PATHS = (
					"$(inherited)",
					"@executable_path/Frameworks",
				);
				MARKETING_VERSION = 1.0;
				PRODUCT_BUNDLE_IDENTIFIER = "me-myself-and-i.replicate-ai";
				PRODUCT_NAME = "$(TARGET_NAME)";
				STRING_CATALOG_GENERATE_SYMBOLS = YES;
				SWIFT_APPROACHABLE_CONCURRENCY = YES;
				SWIFT_DEFAULT_ACTOR_ISOLATION = MainActor;
				SWIFT_EMIT_LOC_STRINGS = YES;
				SWIFT_UPCOMING_FEATURE_MEMBER_IMPORT_VISIBILITY = YES;
				SWIFT_VERSION = 5.0;
				TARGETED_DEVICE_FAMILY = "1,2";
			};
			name = Release;
		};
		B110D3882EB14A5D00E49922 /* Debug */ = {
			isa = XCBuildConfiguration;
			buildSettings = {
				BUNDLE_LOADER = "$(TEST_HOST)";
				CODE_SIGN_STYLE = Automatic;
				CURRENT_PROJECT_VERSION = 1;
				DEVELOPMENT_TEAM = XRF9T9TQ6H;
				GENERATE_INFOPLIST_FILE = YES;
				IPHONEOS_DEPLOYMENT_TARGET = 26.0;
				MARKETING_VERSION = 1.0;
				PRODUCT_BUNDLE_IDENTIFIER = "me-myself-and-i.replicate-aiTests";
				PRODUCT_NAME = "$(TARGET_NAME)";
				STRING_CATALOG_GENERATE_SYMBOLS = NO;
				SWIFT_APPROACHABLE_CONCURRENCY = YES;
				SWIFT_EMIT_LOC_STRINGS = NO;
				SWIFT_UPCOMING_FEATURE_MEMBER_IMPORT_VISIBILITY = YES;
				SWIFT_VERSION = 5.0;
				TARGETED_DEVICE_FAMILY = "1,2";
				TEST_HOST = "$(BUILT_PRODUCTS_DIR)/replicate-ai.app/$(BUNDLE_EXECUTABLE_FOLDER_PATH)/replicate-ai";
			};
			name = Debug;
		};
		B110D3892EB14A5D00E49922 /* Release */ = {
			isa = XCBuildConfiguration;
			buildSettings = {
				BUNDLE_LOADER = "$(TEST_HOST)";
				CODE_SIGN_STYLE = Automatic;
				CURRENT_PROJECT_VERSION = 1;
				DEVELOPMENT_TEAM = XRF9T9TQ6H;
				GENERATE_INFOPLIST_FILE = YES;
				IPHONEOS_DEPLOYMENT_TARGET = 26.0;
				MARKETING_VERSION = 1.0;
				PRODUCT_BUNDLE_IDENTIFIER = "me-myself-and-i.replicate-aiTests";
				PRODUCT_NAME = "$(TARGET_NAME)";
				STRING_CATALOG_GENERATE_SYMBOLS = NO;
				SWIFT_APPROACHABLE_CONCURRENCY = YES;
				SWIFT_EMIT_LOC_STRINGS = NO;
				SWIFT_UPCOMING_FEATURE_MEMBER_IMPORT_VISIBILITY = YES;
				SWIFT_VERSION = 5.0;
				TARGETED_DEVICE_FAMILY = "1,2";
				TEST_HOST = "$(BUILT_PRODUCTS_DIR)/replicate-ai.app/$(BUNDLE_EXECUTABLE_FOLDER_PATH)/replicate-ai";
			};
			name = Release;
		};
		B110D38B2EB14A5D00E49922 /* Debug */ = {
			isa = XCBuildConfiguration;
			buildSettings = {
				CODE_SIGN_STYLE = Automatic;
				CURRENT_PROJECT_VERSION = 1;
				DEVELOPMENT_TEAM = XRF9T9TQ6H;
				GENERATE_INFOPLIST_FILE = YES;
				MARKETING_VERSION = 1.0;
				PRODUCT_BUNDLE_IDENTIFIER = "me-myself-and-i.replicate-aiUITests";
				PRODUCT_NAME = "$(TARGET_NAME)";
				STRING_CATALOG_GENERATE_SYMBOLS = NO;
				SWIFT_APPROACHABLE_CONCURRENCY = YES;
				SWIFT_EMIT_LOC_STRINGS = NO;
				SWIFT_UPCOMING_FEATURE_MEMBER_IMPORT_VISIBILITY = YES;
				SWIFT_VERSION = 5.0;
				TARGETED_DEVICE_FAMILY = "1,2";
				TEST_TARGET_NAME = "replicate-ai";
			};
			name = Debug;
		};
		B110D38C2EB14A5D00E49922 /* Release */ = {
			isa = XCBuildConfiguration;
			buildSettings = {
				CODE_SIGN_STYLE = Automatic;
				CURRENT_PROJECT_VERSION = 1;
				DEVELOPMENT_TEAM = XRF9T9TQ6H;
				GENERATE_INFOPLIST_FILE = YES;
				MARKETING_VERSION = 1.0;
				PRODUCT_BUNDLE_IDENTIFIER = "me-myself-and-i.replicate-aiUITests";
				PRODUCT_NAME = "$(TARGET_NAME)";
				STRING_CATALOG_GENERATE_SYMBOLS = NO;
				SWIFT_APPROACHABLE_CONCURRENCY = YES;
				SWIFT_EMIT_LOC_STRINGS = NO;
				SWIFT_UPCOMING_FEATURE_MEMBER_IMPORT_VISIBILITY = YES;
				SWIFT_VERSION = 5.0;
				TARGETED_DEVICE_FAMILY = "1,2";
				TEST_TARGET_NAME = "replicate-ai";
			};
			name = Release;
		};
/* End XCBuildConfiguration section */

/* Begin XCConfigurationList section */
		B110D35E2EB14A5B00E49922 /* Build configuration list for PBXProject "replicate-ai" */ = {
			isa = XCConfigurationList;
			buildConfigurations = (
				B110D3822EB14A5D00E49922 /* Debug */,
				B110D3832EB14A5D00E49922 /* Release */,
			);
			defaultConfigurationIsVisible = 0;
			defaultConfigurationName = Release;
		};
		B110D3842EB14A5D00E49922 /* Build configuration list for PBXNativeTarget "replicate-ai" */ = {
			isa = XCConfigurationList;
			buildConfigurations = (
				B110D3852EB14A5D00E49922 /* Debug */,
				B110D3862EB14A5D00E49922 /* Release */,
			);
			defaultConfigurationIsVisible = 0;
			defaultConfigurationName = Release;
		};
		B110D3872EB14A5D00E49922 /* Build configuration list for PBXNativeTarget "replicate-aiTests" */ = {
			isa = XCConfigurationList;
			buildConfigurations = (
				B110D3882EB14A5D00E49922 /* Debug */,
				B110D3892EB14A5D00E49922 /* Release */,
			);
			defaultConfigurationIsVisible = 0;
			defaultConfigurationName = Release;
		};
		B110D38A2EB14A5D00E49922 /* Build configuration list for PBXNativeTarget "replicate-aiUITests" */ = {
			isa = XCConfigurationList;
			buildConfigurations = (
				B110D38B2EB14A5D00E49922 /* Debug */,
				B110D38C2EB14A5D00E49922 /* Release */,
			);
			defaultConfigurationIsVisible = 0;
			defaultConfigurationName = Release;
		};
/* End XCConfigurationList section */
	};
	rootObject = B110D35B2EB14A5B00E49922 /* Project object */;
}
